// !$*UTF8*$!
{
	archiveVersion = 1;
	classes = {
	};
	objectVersion = 56;
	objects = {

/* Begin PBXBuildFile section */
		476CB9FBCC5C09FE2C53B0A0 /* Pods_stockAPP.framework in Frameworks */ = {isa = PBXBuildFile; fileRef = B80D94FE4C469EC34AE0EB74 /* Pods_stockAPP.framework */; };
		AF787FE62AE4764C00FFF1EE /* AppDelegate.swift in Sources */ = {isa = PBXBuildFile; fileRef = AF787FE52AE4764C00FFF1EE /* AppDelegate.swift */; };
		AF787FE82AE4764C00FFF1EE /* SceneDelegate.swift in Sources */ = {isa = PBXBuildFile; fileRef = AF787FE72AE4764C00FFF1EE /* SceneDelegate.swift */; };
		AF787FEA2AE4764C00FFF1EE /* ViewController.swift in Sources */ = {isa = PBXBuildFile; fileRef = AF787FE92AE4764C00FFF1EE /* ViewController.swift */; };
		AF787FED2AE4764C00FFF1EE /* Main.storyboard in Resources */ = {isa = PBXBuildFile; fileRef = AF787FEB2AE4764C00FFF1EE /* Main.storyboard */; };
		AF787FEF2AE4765000FFF1EE /* Assets.xcassets in Resources */ = {isa = PBXBuildFile; fileRef = AF787FEE2AE4765000FFF1EE /* Assets.xcassets */; };
		AF787FF22AE4765000FFF1EE /* LaunchScreen.storyboard in Resources */ = {isa = PBXBuildFile; fileRef = AF787FF02AE4765000FFF1EE /* LaunchScreen.storyboard */; };
		AFB8293A2AE48D8E00B32773 /* AddStockViewController.swift in Sources */ = {isa = PBXBuildFile; fileRef = AFB829392AE48D8E00B32773 /* AddStockViewController.swift */; };
		AFB8293D2AE4938C00B32773 /* Constants.swift in Sources */ = {isa = PBXBuildFile; fileRef = AFB8293C2AE4938C00B32773 /* Constants.swift */; };
/* End PBXBuildFile section */

/* Begin PBXFileReference section */
		095CEDB19E2239836DBD9FBB /* Pods-stockAPP.release.xcconfig */ = {isa = PBXFileReference; includeInIndex = 1; lastKnownFileType = text.xcconfig; name = "Pods-stockAPP.release.xcconfig"; path = "Target Support Files/Pods-stockAPP/Pods-stockAPP.release.xcconfig"; sourceTree = "<group>"; };
		AF787FE22AE4764C00FFF1EE /* stockAPP.app */ = {isa = PBXFileReference; explicitFileType = wrapper.application; includeInIndex = 0; path = stockAPP.app; sourceTree = BUILT_PRODUCTS_DIR; };
		AF787FE52AE4764C00FFF1EE /* AppDelegate.swift */ = {isa = PBXFileReference; lastKnownFileType = sourcecode.swift; path = AppDelegate.swift; sourceTree = "<group>"; };
		AF787FE72AE4764C00FFF1EE /* SceneDelegate.swift */ = {isa = PBXFileReference; lastKnownFileType = sourcecode.swift; path = SceneDelegate.swift; sourceTree = "<group>"; };
		AF787FE92AE4764C00FFF1EE /* ViewController.swift */ = {isa = PBXFileReference; lastKnownFileType = sourcecode.swift; path = ViewController.swift; sourceTree = "<group>"; };
		AF787FEC2AE4764C00FFF1EE /* Base */ = {isa = PBXFileReference; lastKnownFileType = file.storyboard; name = Base; path = Base.lproj/Main.storyboard; sourceTree = "<group>"; };
		AF787FEE2AE4765000FFF1EE /* Assets.xcassets */ = {isa = PBXFileReference; lastKnownFileType = folder.assetcatalog; path = Assets.xcassets; sourceTree = "<group>"; };
		AF787FF12AE4765000FFF1EE /* Base */ = {isa = PBXFileReference; lastKnownFileType = file.storyboard; name = Base; path = Base.lproj/LaunchScreen.storyboard; sourceTree = "<group>"; };
		AF787FF32AE4765000FFF1EE /* Info.plist */ = {isa = PBXFileReference; lastKnownFileType = text.plist.xml; path = Info.plist; sourceTree = "<group>"; };
		AFB829392AE48D8E00B32773 /* AddStockViewController.swift */ = {isa = PBXFileReference; lastKnownFileType = sourcecode.swift; path = AddStockViewController.swift; sourceTree = "<group>"; };
		AFB8293C2AE4938C00B32773 /* Constants.swift */ = {isa = PBXFileReference; lastKnownFileType = sourcecode.swift; path = Constants.swift; sourceTree = "<group>"; };
		B80D94FE4C469EC34AE0EB74 /* Pods_stockAPP.framework */ = {isa = PBXFileReference; explicitFileType = wrapper.framework; includeInIndex = 0; path = Pods_stockAPP.framework; sourceTree = BUILT_PRODUCTS_DIR; };
		B9B8D781C25268CF4F12E16A /* Pods-stockAPP.debug.xcconfig */ = {isa = PBXFileReference; includeInIndex = 1; lastKnownFileType = text.xcconfig; name = "Pods-stockAPP.debug.xcconfig"; path = "Target Support Files/Pods-stockAPP/Pods-stockAPP.debug.xcconfig"; sourceTree = "<group>"; };
/* End PBXFileReference section */

/* Begin PBXFrameworksBuildPhase section */
		AF787FDF2AE4764C00FFF1EE /* Frameworks */ = {
			isa = PBXFrameworksBuildPhase;
			buildActionMask = 2147483647;
			files = (
				476CB9FBCC5C09FE2C53B0A0 /* Pods_stockAPP.framework in Frameworks */,
			);
			runOnlyForDeploymentPostprocessing = 0;
		};
/* End PBXFrameworksBuildPhase section */

/* Begin PBXGroup section */
		6C399D696CF91D6E9080B3BB /* Frameworks */ = {
			isa = PBXGroup;
			children = (
				B80D94FE4C469EC34AE0EB74 /* Pods_stockAPP.framework */,
			);
			name = Frameworks;
			sourceTree = "<group>";
		};
		AF787FD92AE4764C00FFF1EE = {
			isa = PBXGroup;
			children = (
				AF787FE42AE4764C00FFF1EE /* stockAPP */,
				AF787FE32AE4764C00FFF1EE /* Products */,
				E706434721A333F337B92B60 /* Pods */,
				6C399D696CF91D6E9080B3BB /* Frameworks */,
			);
			sourceTree = "<group>";
		};
		AF787FE32AE4764C00FFF1EE /* Products */ = {
			isa = PBXGroup;
			children = (
				AF787FE22AE4764C00FFF1EE /* stockAPP.app */,
			);
			name = Products;
			sourceTree = "<group>";
		};
		AF787FE42AE4764C00FFF1EE /* stockAPP */ = {
			isa = PBXGroup;
			children = (
				AFB8293B2AE4935E00B32773 /* Utils */,
				AF787FE52AE4764C00FFF1EE /* AppDelegate.swift */,
				AF787FE72AE4764C00FFF1EE /* SceneDelegate.swift */,
				AF787FE92AE4764C00FFF1EE /* ViewController.swift */,
				AF787FEB2AE4764C00FFF1EE /* Main.storyboard */,
				AF787FEE2AE4765000FFF1EE /* Assets.xcassets */,
				AF787FF02AE4765000FFF1EE /* LaunchScreen.storyboard */,
				AF787FF32AE4765000FFF1EE /* Info.plist */,
				AFB829392AE48D8E00B32773 /* AddStockViewController.swift */,
			);
			path = stockAPP;
			sourceTree = "<group>";
		};
		AFB8293B2AE4935E00B32773 /* Utils */ = {
			isa = PBXGroup;
			children = (
				AFB8293C2AE4938C00B32773 /* Constants.swift */,
			);
			path = Utils;
			sourceTree = "<group>";
		};
		E706434721A333F337B92B60 /* Pods */ = {
			isa = PBXGroup;
			children = (
				B9B8D781C25268CF4F12E16A /* Pods-stockAPP.debug.xcconfig */,
				095CEDB19E2239836DBD9FBB /* Pods-stockAPP.release.xcconfig */,
			);
			path = Pods;
			sourceTree = "<group>";
		};
/* End PBXGroup section */

/* Begin PBXNativeTarget section */
		AF787FE12AE4764C00FFF1EE /* stockAPP */ = {
			isa = PBXNativeTarget;
			buildConfigurationList = AF787FF62AE4765000FFF1EE /* Build configuration list for PBXNativeTarget "stockAPP" */;
			buildPhases = (
				B3C2CD142794ECAC0461D1CF /* [CP] Check Pods Manifest.lock */,
				AF787FDE2AE4764C00FFF1EE /* Sources */,
				AF787FDF2AE4764C00FFF1EE /* Frameworks */,
				AF787FE02AE4764C00FFF1EE /* Resources */,
				30599BC034C0EC6288CF9DB7 /* [CP] Embed Pods Frameworks */,
			);
			buildRules = (
			);
			dependencies = (
			);
			name = stockAPP;
			productName = stockAPP;
			productReference = AF787FE22AE4764C00FFF1EE /* stockAPP.app */;
			productType = "com.apple.product-type.application";
		};
/* End PBXNativeTarget section */

/* Begin PBXProject section */
		AF787FDA2AE4764C00FFF1EE /* Project object */ = {
			isa = PBXProject;
			attributes = {
				BuildIndependentTargetsInParallel = 1;
				LastSwiftUpdateCheck = 1430;
				LastUpgradeCheck = 1430;
				TargetAttributes = {
					AF787FE12AE4764C00FFF1EE = {
						CreatedOnToolsVersion = 14.3.1;
					};
				};
			};
			buildConfigurationList = AF787FDD2AE4764C00FFF1EE /* Build configuration list for PBXProject "stockAPP" */;
			compatibilityVersion = "Xcode 14.0";
			developmentRegion = en;
			hasScannedForEncodings = 0;
			knownRegions = (
				en,
				Base,
			);
			mainGroup = AF787FD92AE4764C00FFF1EE;
			productRefGroup = AF787FE32AE4764C00FFF1EE /* Products */;
			projectDirPath = "";
			projectRoot = "";
			targets = (
				AF787FE12AE4764C00FFF1EE /* stockAPP */,
			);
		};
/* End PBXProject section */

/* Begin PBXResourcesBuildPhase section */
		AF787FE02AE4764C00FFF1EE /* Resources */ = {
			isa = PBXResourcesBuildPhase;
			buildActionMask = 2147483647;
			files = (
				AF787FF22AE4765000FFF1EE /* LaunchScreen.storyboard in Resources */,
				AF787FEF2AE4765000FFF1EE /* Assets.xcassets in Resources */,
				AF787FED2AE4764C00FFF1EE /* Main.storyboard in Resources */,
			);
			runOnlyForDeploymentPostprocessing = 0;
		};
/* End PBXResourcesBuildPhase section */

/* Begin PBXShellScriptBuildPhase section */
		30599BC034C0EC6288CF9DB7 /* [CP] Embed Pods Frameworks */ = {
			isa = PBXShellScriptBuildPhase;
			buildActionMask = 2147483647;
			files = (
			);
			inputFileListPaths = (
				"${PODS_ROOT}/Target Support Files/Pods-stockAPP/Pods-stockAPP-frameworks-${CONFIGURATION}-input-files.xcfilelist",
			);
			name = "[CP] Embed Pods Frameworks";
			outputFileListPaths = (
				"${PODS_ROOT}/Target Support Files/Pods-stockAPP/Pods-stockAPP-frameworks-${CONFIGURATION}-output-files.xcfilelist",
			);
			runOnlyForDeploymentPostprocessing = 0;
			shellPath = /bin/sh;
			shellScript = "\"${PODS_ROOT}/Target Support Files/Pods-stockAPP/Pods-stockAPP-frameworks.sh\"\n";
			showEnvVarsInLog = 0;
		};
		B3C2CD142794ECAC0461D1CF /* [CP] Check Pods Manifest.lock */ = {
			isa = PBXShellScriptBuildPhase;
			buildActionMask = 2147483647;
			files = (
			);
			inputFileListPaths = (
			);
			inputPaths = (
				"${PODS_PODFILE_DIR_PATH}/Podfile.lock",
				"${PODS_ROOT}/Manifest.lock",
			);
			name = "[CP] Check Pods Manifest.lock";
			outputFileListPaths = (
			);
			outputPaths = (
				"$(DERIVED_FILE_DIR)/Pods-stockAPP-checkManifestLockResult.txt",
			);
			runOnlyForDeploymentPostprocessing = 0;
			shellPath = /bin/sh;
			shellScript = "diff \"${PODS_PODFILE_DIR_PATH}/Podfile.lock\" \"${PODS_ROOT}/Manifest.lock\" > /dev/null\nif [ $? != 0 ] ; then\n    # print error to STDERR\n    echo \"error: The sandbox is not in sync with the Podfile.lock. Run 'pod install' or update your CocoaPods installation.\" >&2\n    exit 1\nfi\n# This output is used by Xcode 'outputs' to avoid re-running this script phase.\necho \"SUCCESS\" > \"${SCRIPT_OUTPUT_FILE_0}\"\n";
			showEnvVarsInLog = 0;
		};
/* End PBXShellScriptBuildPhase section */

/* Begin PBXSourcesBuildPhase section */
		AF787FDE2AE4764C00FFF1EE /* Sources */ = {
			isa = PBXSourcesBuildPhase;
			buildActionMask = 2147483647;
			files = (
				AFB8293D2AE4938C00B32773 /* Constants.swift in Sources */,
				AF787FEA2AE4764C00FFF1EE /* ViewController.swift in Sources */,
				AF787FE62AE4764C00FFF1EE /* AppDelegate.swift in Sources */,
				AF787FE82AE4764C00FFF1EE /* SceneDelegate.swift in Sources */,
				AFB8293A2AE48D8E00B32773 /* AddStockViewController.swift in Sources */,
			);
			runOnlyForDeploymentPostprocessing = 0;
		};
/* End PBXSourcesBuildPhase section */

/* Begin PBXVariantGroup section */
		AF787FEB2AE4764C00FFF1EE /* Main.storyboard */ = {
			isa = PBXVariantGroup;
			children = (
				AF787FEC2AE4764C00FFF1EE /* Base */,
			);
			name = Main.storyboard;
			sourceTree = "<group>";
		};
		AF787FF02AE4765000FFF1EE /* LaunchScreen.storyboard */ = {
			isa = PBXVariantGroup;
			children = (
				AF787FF12AE4765000FFF1EE /* Base */,
			);
			name = LaunchScreen.storyboard;
			sourceTree = "<group>";
		};
/* End PBXVariantGroup section */

/* Begin XCBuildConfiguration section */
		AF787FF42AE4765000FFF1EE /* Debug */ = {
			isa = XCBuildConfiguration;
			buildSettings = {
				ALWAYS_SEARCH_USER_PATHS = NO;
				CLANG_ANALYZER_NONNULL = YES;
				CLANG_ANALYZER_NUMBER_OBJECT_CONVERSION = YES_AGGRESSIVE;
				CLANG_CXX_LANGUAGE_STANDARD = "gnu++20";
				CLANG_ENABLE_MODULES = YES;
				CLANG_ENABLE_OBJC_ARC = YES;
				CLANG_ENABLE_OBJC_WEAK = YES;
				CLANG_WARN_BLOCK_CAPTURE_AUTORELEASING = YES;
				CLANG_WARN_BOOL_CONVERSION = YES;
				CLANG_WARN_COMMA = YES;
				CLANG_WARN_CONSTANT_CONVERSION = YES;
				CLANG_WARN_DEPRECATED_OBJC_IMPLEMENTATIONS = YES;
				CLANG_WARN_DIRECT_OBJC_ISA_USAGE = YES_ERROR;
				CLANG_WARN_DOCUMENTATION_COMMENTS = YES;
				CLANG_WARN_EMPTY_BODY = YES;
				CLANG_WARN_ENUM_CONVERSION = YES;
				CLANG_WARN_INFINITE_RECURSION = YES;
				CLANG_WARN_INT_CONVERSION = YES;
				CLANG_WARN_NON_LITERAL_NULL_CONVERSION = YES;
				CLANG_WARN_OBJC_IMPLICIT_RETAIN_SELF = YES;
				CLANG_WARN_OBJC_LITERAL_CONVERSION = YES;
				CLANG_WARN_OBJC_ROOT_CLASS = YES_ERROR;
				CLANG_WARN_QUOTED_INCLUDE_IN_FRAMEWORK_HEADER = YES;
				CLANG_WARN_RANGE_LOOP_ANALYSIS = YES;
				CLANG_WARN_STRICT_PROTOTYPES = YES;
				CLANG_WARN_SUSPICIOUS_MOVE = YES;
				CLANG_WARN_UNGUARDED_AVAILABILITY = YES_AGGRESSIVE;
				CLANG_WARN_UNREACHABLE_CODE = YES;
				CLANG_WARN__DUPLICATE_METHOD_MATCH = YES;
				COPY_PHASE_STRIP = NO;
				DEBUG_INFORMATION_FORMAT = dwarf;
				ENABLE_STRICT_OBJC_MSGSEND = YES;
				ENABLE_TESTABILITY = YES;
				GCC_C_LANGUAGE_STANDARD = gnu11;
				GCC_DYNAMIC_NO_PIC = NO;
				GCC_NO_COMMON_BLOCKS = YES;
				GCC_OPTIMIZATION_LEVEL = 0;
				GCC_PREPROCESSOR_DEFINITIONS = (
					"DEBUG=1",
					"$(inherited)",
				);
				GCC_WARN_64_TO_32_BIT_CONVERSION = YES;
				GCC_WARN_ABOUT_RETURN_TYPE = YES_ERROR;
				GCC_WARN_UNDECLARED_SELECTOR = YES;
				GCC_WARN_UNINITIALIZED_AUTOS = YES_AGGRESSIVE;
				GCC_WARN_UNUSED_FUNCTION = YES;
				GCC_WARN_UNUSED_VARIABLE = YES;
				IPHONEOS_DEPLOYMENT_TARGET = 16.4;
				MTL_ENABLE_DEBUG_INFO = INCLUDE_SOURCE;
				MTL_FAST_MATH = YES;
				ONLY_ACTIVE_ARCH = YES;
				SDKROOT = iphoneos;
				SWIFT_ACTIVE_COMPILATION_CONDITIONS = DEBUG;
				SWIFT_OPTIMIZATION_LEVEL = "-Onone";
			};
			name = Debug;
		};
		AF787FF52AE4765000FFF1EE /* Release */ = {
			isa = XCBuildConfiguration;
			buildSettings = {
				ALWAYS_SEARCH_USER_PATHS = NO;
				CLANG_ANALYZER_NONNULL = YES;
				CLANG_ANALYZER_NUMBER_OBJECT_CONVERSION = YES_AGGRESSIVE;
				CLANG_CXX_LANGUAGE_STANDARD = "gnu++20";
				CLANG_ENABLE_MODULES = YES;
				CLANG_ENABLE_OBJC_ARC = YES;
				CLANG_ENABLE_OBJC_WEAK = YES;
				CLANG_WARN_BLOCK_CAPTURE_AUTORELEASING = YES;
				CLANG_WARN_BOOL_CONVERSION = YES;
				CLANG_WARN_COMMA = YES;
				CLANG_WARN_CONSTANT_CONVERSION = YES;
				CLANG_WARN_DEPRECATED_OBJC_IMPLEMENTATIONS = YES;
				CLANG_WARN_DIRECT_OBJC_ISA_USAGE = YES_ERROR;
				CLANG_WARN_DOCUMENTATION_COMMENTS = YES;
				CLANG_WARN_EMPTY_BODY = YES;
				CLANG_WARN_ENUM_CONVERSION = YES;
				CLANG_WARN_INFINITE_RECURSION = YES;
				CLANG_WARN_INT_CONVERSION = YES;
				CLANG_WARN_NON_LITERAL_NULL_CONVERSION = YES;
				CLANG_WARN_OBJC_IMPLICIT_RETAIN_SELF = YES;
				CLANG_WARN_OBJC_LITERAL_CONVERSION = YES;
				CLANG_WARN_OBJC_ROOT_CLASS = YES_ERROR;
				CLANG_WARN_QUOTED_INCLUDE_IN_FRAMEWORK_HEADER = YES;
				CLANG_WARN_RANGE_LOOP_ANALYSIS = YES;
				CLANG_WARN_STRICT_PROTOTYPES = YES;
				CLANG_WARN_SUSPICIOUS_MOVE = YES;
				CLANG_WARN_UNGUARDED_AVAILABILITY = YES_AGGRESSIVE;
				CLANG_WARN_UNREACHABLE_CODE = YES;
				CLANG_WARN__DUPLICATE_METHOD_MATCH = YES;
				COPY_PHASE_STRIP = NO;
				DEBUG_INFORMATION_FORMAT = "dwarf-with-dsym";
				ENABLE_NS_ASSERTIONS = NO;
				ENABLE_STRICT_OBJC_MSGSEND = YES;
				GCC_C_LANGUAGE_STANDARD = gnu11;
				GCC_NO_COMMON_BLOCKS = YES;
				GCC_WARN_64_TO_32_BIT_CONVERSION = YES;
				GCC_WARN_ABOUT_RETURN_TYPE = YES_ERROR;
				GCC_WARN_UNDECLARED_SELECTOR = YES;
				GCC_WARN_UNINITIALIZED_AUTOS = YES_AGGRESSIVE;
				GCC_WARN_UNUSED_FUNCTION = YES;
				GCC_WARN_UNUSED_VARIABLE = YES;
				IPHONEOS_DEPLOYMENT_TARGET = 16.4;
				MTL_ENABLE_DEBUG_INFO = NO;
				MTL_FAST_MATH = YES;
				SDKROOT = iphoneos;
				SWIFT_COMPILATION_MODE = wholemodule;
				SWIFT_OPTIMIZATION_LEVEL = "-O";
				VALIDATE_PRODUCT = YES;
			};
			name = Release;
		};
		AF787FF72AE4765000FFF1EE /* Debug */ = {
			isa = XCBuildConfiguration;
			baseConfigurationReference = B9B8D781C25268CF4F12E16A /* Pods-stockAPP.debug.xcconfig */;
			buildSettings = {
				ASSETCATALOG_COMPILER_APPICON_NAME = AppIcon;
				ASSETCATALOG_COMPILER_GLOBAL_ACCENT_COLOR_NAME = AccentColor;
				CODE_SIGN_STYLE = Automatic;
				CURRENT_PROJECT_VERSION = 1;
				GENERATE_INFOPLIST_FILE = YES;
				INFOPLIST_FILE = stockAPP/Info.plist;
				INFOPLIST_KEY_UIApplicationSupportsIndirectInputEvents = YES;
				INFOPLIST_KEY_UILaunchStoryboardName = LaunchScreen;
				INFOPLIST_KEY_UIMainStoryboardFile = Main;
				INFOPLIST_KEY_UISupportedInterfaceOrientations_iPad = "UIInterfaceOrientationPortrait UIInterfaceOrientationPortraitUpsideDown UIInterfaceOrientationLandscapeLeft UIInterfaceOrientationLandscapeRight";
				INFOPLIST_KEY_UISupportedInterfaceOrientations_iPhone = "UIInterfaceOrientationPortrait UIInterfaceOrientationLandscapeLeft UIInterfaceOrientationLandscapeRight";
				LD_RUNPATH_SEARCH_PATHS = (
					"$(inherited)",
					"@executable_path/Frameworks",
				);
				MARKETING_VERSION = 1.0;
				PRODUCT_BUNDLE_IDENTIFIER = edu.northeastern.bingchao.stockAPP;
				PRODUCT_NAME = "$(TARGET_NAME)";
				SWIFT_EMIT_LOC_STRINGS = YES;
				SWIFT_VERSION = 5.0;
				TARGETED_DEVICE_FAMILY = "1,2";
			};
			name = Debug;
		};
		AF787FF82AE4765000FFF1EE /* Release */ = {
			isa = XCBuildConfiguration;
			baseConfigurationReference = 095CEDB19E2239836DBD9FBB /* Pods-stockAPP.release.xcconfig */;
			buildSettings = {
				ASSETCATALOG_COMPILER_APPICON_NAME = AppIcon;
				ASSETCATALOG_COMPILER_GLOBAL_ACCENT_COLOR_NAME = AccentColor;
				CODE_SIGN_STYLE = Automatic;
				CURRENT_PROJECT_VERSION = 1;
				GENERATE_INFOPLIST_FILE = YES;
				INFOPLIST_FILE = stockAPP/Info.plist;
				INFOPLIST_KEY_UIApplicationSupportsIndirectInputEvents = YES;
				INFOPLIST_KEY_UILaunchStoryboardName = LaunchScreen;
				INFOPLIST_KEY_UIMainStoryboardFile = Main;
				INFOPLIST_KEY_UISupportedInterfaceOrientations_iPad = "UIInterfaceOrientationPortrait UIInterfaceOrientationPortraitUpsideDown UIInterfaceOrientationLandscapeLeft UIInterfaceOrientationLandscapeRight";
				INFOPLIST_KEY_UISupportedInterfaceOrientations_iPhone = "UIInterfaceOrientationPortrait UIInterfaceOrientationLandscapeLeft UIInterfaceOrientationLandscapeRight";
				LD_RUNPATH_SEARCH_PATHS = (
					"$(inherited)",
					"@executable_path/Frameworks",
				);
				MARKETING_VERSION = 1.0;
				PRODUCT_BUNDLE_IDENTIFIER = edu.northeastern.bingchao.stockAPP;
				PRODUCT_NAME = "$(TARGET_NAME)";
				SWIFT_EMIT_LOC_STRINGS = YES;
				SWIFT_VERSION = 5.0;
				TARGETED_DEVICE_FAMILY = "1,2";
			};
			name = Release;
		};
/* End XCBuildConfiguration section */

/* Begin XCConfigurationList section */
		AF787FDD2AE4764C00FFF1EE /* Build configuration list for PBXProject "stockAPP" */ = {
			isa = XCConfigurationList;
			buildConfigurations = (
				AF787FF42AE4765000FFF1EE /* Debug */,
				AF787FF52AE4765000FFF1EE /* Release */,
			);
			defaultConfigurationIsVisible = 0;
			defaultConfigurationName = Release;
		};
		AF787FF62AE4765000FFF1EE /* Build configuration list for PBXNativeTarget "stockAPP" */ = {
			isa = XCConfigurationList;
			buildConfigurations = (
				AF787FF72AE4765000FFF1EE /* Debug */,
				AF787FF82AE4765000FFF1EE /* Release */,
			);
			defaultConfigurationIsVisible = 0;
			defaultConfigurationName = Release;
		};
/* End XCConfigurationList section */
	};
	rootObject = AF787FDA2AE4764C00FFF1EE /* Project object */;
}
